// !$*UTF8*$!
{
	archiveVersion = 1;
	classes = {
	};
	objectVersion = 56;
	objects = {

/* Begin PBXBuildFile section */
		1332A9722AD48E8C00D8529F /* MarvelUniverseApp.swift in Sources */ = {isa = PBXBuildFile; fileRef = 1332A9712AD48E8C00D8529F /* MarvelUniverseApp.swift */; };
		1332A9742AD48E8C00D8529F /* MainView.swift in Sources */ = {isa = PBXBuildFile; fileRef = 1332A9732AD48E8C00D8529F /* MainView.swift */; };
		1332A9762AD48E8D00D8529F /* Assets.xcassets in Resources */ = {isa = PBXBuildFile; fileRef = 1332A9752AD48E8D00D8529F /* Assets.xcassets */; };
		1332A9792AD48E8D00D8529F /* Preview Assets.xcassets in Resources */ = {isa = PBXBuildFile; fileRef = 1332A9782AD48E8D00D8529F /* Preview Assets.xcassets */; };
		13AB95512AD5BB89002D0E7D /* FilterOptions.swift in Sources */ = {isa = PBXBuildFile; fileRef = 13AB95502AD5BB89002D0E7D /* FilterOptions.swift */; };
		13AB95542AD5BE71002D0E7D /* ComicsCardView.swift in Sources */ = {isa = PBXBuildFile; fileRef = 13AB95532AD5BE71002D0E7D /* ComicsCardView.swift */; };
		13AB95562AD5C1F6002D0E7D /* LoaderView.swift in Sources */ = {isa = PBXBuildFile; fileRef = 13AB95552AD5C1F6002D0E7D /* LoaderView.swift */; };
		13AB955A2AD5C534002D0E7D /* SDWebImageSwiftUI in Frameworks */ = {isa = PBXBuildFile; productRef = 13AB95592AD5C534002D0E7D /* SDWebImageSwiftUI */; };
		13AB955C2AD5C638002D0E7D /* WebService.swift in Sources */ = {isa = PBXBuildFile; fileRef = 13AB955B2AD5C638002D0E7D /* WebService.swift */; };
		13AB955F2AD5C679002D0E7D /* Endpoint.swift in Sources */ = {isa = PBXBuildFile; fileRef = 13AB955E2AD5C679002D0E7D /* Endpoint.swift */; };
		13C6E7032AD581360035AF94 /* MarvelCharactersView.swift in Sources */ = {isa = PBXBuildFile; fileRef = 13C6E7022AD581360035AF94 /* MarvelCharactersView.swift */; };
		13C6E7052AD5814F0035AF94 /* MarvelComicsView.swift in Sources */ = {isa = PBXBuildFile; fileRef = 13C6E7042AD5814F0035AF94 /* MarvelComicsView.swift */; };
		13C6E70E2AD59EA80035AF94 /* LaunchScreen.storyboard in Resources */ = {isa = PBXBuildFile; fileRef = 13C6E70D2AD59EA80035AF94 /* LaunchScreen.storyboard */; };
		13C6E7112AD5A15E0035AF94 /* CharacterCardView.swift in Sources */ = {isa = PBXBuildFile; fileRef = 13C6E7102AD5A15E0035AF94 /* CharacterCardView.swift */; };
		13C6E7142AD5A1DF0035AF94 /* ImageAsset.swift in Sources */ = {isa = PBXBuildFile; fileRef = 13C6E7132AD5A1DF0035AF94 /* ImageAsset.swift */; };
		13C6E7162AD5A2C30035AF94 /* View+Extensions.swift in Sources */ = {isa = PBXBuildFile; fileRef = 13C6E7152AD5A2C30035AF94 /* View+Extensions.swift */; };
		13CFB25C2AD675B000F6CF57 /* CharactersDataRepository.swift in Sources */ = {isa = PBXBuildFile; fileRef = 13CFB25B2AD675B000F6CF57 /* CharactersDataRepository.swift */; };
		13CFB25F2AD675F200F6CF57 /* CharactersViewModel.swift in Sources */ = {isa = PBXBuildFile; fileRef = 13CFB25E2AD675F200F6CF57 /* CharactersViewModel.swift */; };
		13CFB2622AD6767800F6CF57 /* ComicsViewModel.swift in Sources */ = {isa = PBXBuildFile; fileRef = 13CFB2612AD6767800F6CF57 /* ComicsViewModel.swift */; };
		13CFB2652AD676A800F6CF57 /* ComicsDataRepository.swift in Sources */ = {isa = PBXBuildFile; fileRef = 13CFB2642AD676A800F6CF57 /* ComicsDataRepository.swift */; };
/* End PBXBuildFile section */

/* Begin PBXFileReference section */
		1332A96E2AD48E8C00D8529F /* MarvelUniverse.app */ = {isa = PBXFileReference; explicitFileType = wrapper.application; includeInIndex = 0; path = MarvelUniverse.app; sourceTree = BUILT_PRODUCTS_DIR; };
		1332A9712AD48E8C00D8529F /* MarvelUniverseApp.swift */ = {isa = PBXFileReference; lastKnownFileType = sourcecode.swift; path = MarvelUniverseApp.swift; sourceTree = "<group>"; };
		1332A9732AD48E8C00D8529F /* MainView.swift */ = {isa = PBXFileReference; lastKnownFileType = sourcecode.swift; path = MainView.swift; sourceTree = "<group>"; };
		1332A9752AD48E8D00D8529F /* Assets.xcassets */ = {isa = PBXFileReference; lastKnownFileType = folder.assetcatalog; path = Assets.xcassets; sourceTree = "<group>"; };
		1332A9782AD48E8D00D8529F /* Preview Assets.xcassets */ = {isa = PBXFileReference; lastKnownFileType = folder.assetcatalog; path = "Preview Assets.xcassets"; sourceTree = "<group>"; };
		13AB95502AD5BB89002D0E7D /* FilterOptions.swift */ = {isa = PBXFileReference; lastKnownFileType = sourcecode.swift; path = FilterOptions.swift; sourceTree = "<group>"; };
		13AB95532AD5BE71002D0E7D /* ComicsCardView.swift */ = {isa = PBXFileReference; lastKnownFileType = sourcecode.swift; path = ComicsCardView.swift; sourceTree = "<group>"; };
		13AB95552AD5C1F6002D0E7D /* LoaderView.swift */ = {isa = PBXFileReference; lastKnownFileType = sourcecode.swift; path = LoaderView.swift; sourceTree = "<group>"; };
		13AB955B2AD5C638002D0E7D /* WebService.swift */ = {isa = PBXFileReference; lastKnownFileType = sourcecode.swift; path = WebService.swift; sourceTree = "<group>"; };
		13AB955E2AD5C679002D0E7D /* Endpoint.swift */ = {isa = PBXFileReference; lastKnownFileType = sourcecode.swift; path = Endpoint.swift; sourceTree = "<group>"; };
		13C6E7022AD581360035AF94 /* MarvelCharactersView.swift */ = {isa = PBXFileReference; lastKnownFileType = sourcecode.swift; path = MarvelCharactersView.swift; sourceTree = "<group>"; };
		13C6E7042AD5814F0035AF94 /* MarvelComicsView.swift */ = {isa = PBXFileReference; lastKnownFileType = sourcecode.swift; path = MarvelComicsView.swift; sourceTree = "<group>"; };
		13C6E70C2AD59DB90035AF94 /* Info.plist */ = {isa = PBXFileReference; lastKnownFileType = text.plist; path = Info.plist; sourceTree = "<group>"; };
		13C6E70D2AD59EA80035AF94 /* LaunchScreen.storyboard */ = {isa = PBXFileReference; lastKnownFileType = file.storyboard; path = LaunchScreen.storyboard; sourceTree = "<group>"; };
		13C6E7102AD5A15E0035AF94 /* CharacterCardView.swift */ = {isa = PBXFileReference; lastKnownFileType = sourcecode.swift; path = CharacterCardView.swift; sourceTree = "<group>"; };
		13C6E7132AD5A1DF0035AF94 /* ImageAsset.swift */ = {isa = PBXFileReference; lastKnownFileType = sourcecode.swift; path = ImageAsset.swift; sourceTree = "<group>"; };
		13C6E7152AD5A2C30035AF94 /* View+Extensions.swift */ = {isa = PBXFileReference; lastKnownFileType = sourcecode.swift; path = "View+Extensions.swift"; sourceTree = "<group>"; };
		13CFB25B2AD675B000F6CF57 /* CharactersDataRepository.swift */ = {isa = PBXFileReference; lastKnownFileType = sourcecode.swift; path = CharactersDataRepository.swift; sourceTree = "<group>"; };
		13CFB25E2AD675F200F6CF57 /* CharactersViewModel.swift */ = {isa = PBXFileReference; lastKnownFileType = sourcecode.swift; path = CharactersViewModel.swift; sourceTree = "<group>"; };
		13CFB2612AD6767800F6CF57 /* ComicsViewModel.swift */ = {isa = PBXFileReference; lastKnownFileType = sourcecode.swift; path = ComicsViewModel.swift; sourceTree = "<group>"; };
		13CFB2642AD676A800F6CF57 /* ComicsDataRepository.swift */ = {isa = PBXFileReference; lastKnownFileType = sourcecode.swift; path = ComicsDataRepository.swift; sourceTree = "<group>"; };
/* End PBXFileReference section */

/* Begin PBXFrameworksBuildPhase section */
		1332A96B2AD48E8C00D8529F /* Frameworks */ = {
			isa = PBXFrameworksBuildPhase;
			buildActionMask = 2147483647;
			files = (
				13AB955A2AD5C534002D0E7D /* SDWebImageSwiftUI in Frameworks */,
			);
			runOnlyForDeploymentPostprocessing = 0;
		};
/* End PBXFrameworksBuildPhase section */

/* Begin PBXGroup section */
		1332A9652AD48E8C00D8529F = {
			isa = PBXGroup;
			children = (
				1332A9702AD48E8C00D8529F /* MarvelUniverse */,
				1332A96F2AD48E8C00D8529F /* Products */,
			);
			sourceTree = "<group>";
		};
		1332A96F2AD48E8C00D8529F /* Products */ = {
			isa = PBXGroup;
			children = (
				1332A96E2AD48E8C00D8529F /* MarvelUniverse.app */,
			);
			name = Products;
			sourceTree = "<group>";
		};
		1332A9702AD48E8C00D8529F /* MarvelUniverse */ = {
			isa = PBXGroup;
			children = (
				13C6E70C2AD59DB90035AF94 /* Info.plist */,
				13D8C5182AD491CD00686E74 /* AppController */,
				13AB955D2AD5C64F002D0E7D /* Networking */,
				13C6E7172AD5A2C70035AF94 /* Utility */,
				13D8C5192AD491D900686E74 /* Modules */,
				13C6E7122AD5A1BA0035AF94 /* Resources */,
				1332A9772AD48E8D00D8529F /* Preview Content */,
			);
			path = MarvelUniverse;
			sourceTree = "<group>";
		};
		1332A9772AD48E8D00D8529F /* Preview Content */ = {
			isa = PBXGroup;
			children = (
				1332A9782AD48E8D00D8529F /* Preview Assets.xcassets */,
			);
			path = "Preview Content";
			sourceTree = "<group>";
		};
		13AB95522AD5BDBC002D0E7D /* Model */ = {
			isa = PBXGroup;
			children = (
				13AB95502AD5BB89002D0E7D /* FilterOptions.swift */,
			);
			path = Model;
			sourceTree = "<group>";
		};
		13AB95572AD5C1FA002D0E7D /* CustomView */ = {
			isa = PBXGroup;
			children = (
				13AB95552AD5C1F6002D0E7D /* LoaderView.swift */,
			);
			path = CustomView;
			sourceTree = "<group>";
		};
		13AB955D2AD5C64F002D0E7D /* Networking */ = {
			isa = PBXGroup;
			children = (
				13AB955E2AD5C679002D0E7D /* Endpoint.swift */,
				13AB955B2AD5C638002D0E7D /* WebService.swift */,
			);
			path = Networking;
			sourceTree = "<group>";
		};
		13C6E7062AD581B90035AF94 /* Main */ = {
			isa = PBXGroup;
			children = (
				13C6E7092AD581EB0035AF94 /* View */,
			);
			path = Main;
			sourceTree = "<group>";
		};
		13C6E7072AD581C10035AF94 /* MarvelCharacters */ = {
			isa = PBXGroup;
			children = (
				13C6E70A2AD581F10035AF94 /* View */,
				13CFB2602AD6762D00F6CF57 /* ViewModel */,
				13CFB25D2AD675D000F6CF57 /* DataRepository */,
			);
			path = MarvelCharacters;
			sourceTree = "<group>";
		};
		13C6E7082AD581CD0035AF94 /* MarvelComics */ = {
			isa = PBXGroup;
			children = (
				13C6E70B2AD581F70035AF94 /* View */,
				13AB95522AD5BDBC002D0E7D /* Model */,
				13CFB2632AD6768700F6CF57 /* ViewModel */,
				13CFB2662AD676AC00F6CF57 /* DataRepository */,
			);
			path = MarvelComics;
			sourceTree = "<group>";
		};
		13C6E7092AD581EB0035AF94 /* View */ = {
			isa = PBXGroup;
			children = (
				1332A9732AD48E8C00D8529F /* MainView.swift */,
			);
			path = View;
			sourceTree = "<group>";
		};
		13C6E70A2AD581F10035AF94 /* View */ = {
			isa = PBXGroup;
			children = (
				13C6E7022AD581360035AF94 /* MarvelCharactersView.swift */,
				13C6E7102AD5A15E0035AF94 /* CharacterCardView.swift */,
			);
			path = View;
			sourceTree = "<group>";
		};
		13C6E70B2AD581F70035AF94 /* View */ = {
			isa = PBXGroup;
			children = (
				13C6E7042AD5814F0035AF94 /* MarvelComicsView.swift */,
				13AB95532AD5BE71002D0E7D /* ComicsCardView.swift */,
			);
			path = View;
			sourceTree = "<group>";
		};
		13C6E70F2AD59F420035AF94 /* LaunchScreen */ = {
			isa = PBXGroup;
			children = (
				13C6E70D2AD59EA80035AF94 /* LaunchScreen.storyboard */,
			);
			path = LaunchScreen;
			sourceTree = "<group>";
		};
		13C6E7122AD5A1BA0035AF94 /* Resources */ = {
			isa = PBXGroup;
			children = (
				1332A9752AD48E8D00D8529F /* Assets.xcassets */,
				13C6E7132AD5A1DF0035AF94 /* ImageAsset.swift */,
			);
			path = Resources;
			sourceTree = "<group>";
		};
		13C6E7172AD5A2C70035AF94 /* Utility */ = {
			isa = PBXGroup;
			children = (
				13C6E7182AD5A30E0035AF94 /* Extensions */,
				13AB95572AD5C1FA002D0E7D /* CustomView */,
			);
			path = Utility;
			sourceTree = "<group>";
		};
		13C6E7182AD5A30E0035AF94 /* Extensions */ = {
			isa = PBXGroup;
			children = (
				13C6E7152AD5A2C30035AF94 /* View+Extensions.swift */,
			);
			path = Extensions;
			sourceTree = "<group>";
		};
		13CFB25D2AD675D000F6CF57 /* DataRepository */ = {
			isa = PBXGroup;
			children = (
				13CFB25B2AD675B000F6CF57 /* CharactersDataRepository.swift */,
			);
			path = DataRepository;
			sourceTree = "<group>";
		};
		13CFB2602AD6762D00F6CF57 /* ViewModel */ = {
			isa = PBXGroup;
			children = (
				13CFB25E2AD675F200F6CF57 /* CharactersViewModel.swift */,
			);
			path = ViewModel;
			sourceTree = "<group>";
		};
		13CFB2632AD6768700F6CF57 /* ViewModel */ = {
			isa = PBXGroup;
			children = (
				13CFB2612AD6767800F6CF57 /* ComicsViewModel.swift */,
			);
			path = ViewModel;
			sourceTree = "<group>";
		};
		13CFB2662AD676AC00F6CF57 /* DataRepository */ = {
			isa = PBXGroup;
			children = (
				13CFB2642AD676A800F6CF57 /* ComicsDataRepository.swift */,
			);
			path = DataRepository;
			sourceTree = "<group>";
		};
		13D8C5182AD491CD00686E74 /* AppController */ = {
			isa = PBXGroup;
			children = (
				1332A9712AD48E8C00D8529F /* MarvelUniverseApp.swift */,
			);
			path = AppController;
			sourceTree = "<group>";
		};
		13D8C5192AD491D900686E74 /* Modules */ = {
			isa = PBXGroup;
			children = (
				13C6E70F2AD59F420035AF94 /* LaunchScreen */,
				13C6E7062AD581B90035AF94 /* Main */,
				13C6E7072AD581C10035AF94 /* MarvelCharacters */,
				13C6E7082AD581CD0035AF94 /* MarvelComics */,
			);
			path = Modules;
			sourceTree = "<group>";
		};
/* End PBXGroup section */

/* Begin PBXNativeTarget section */
		1332A96D2AD48E8C00D8529F /* MarvelUniverse */ = {
			isa = PBXNativeTarget;
			buildConfigurationList = 1332A97C2AD48E8D00D8529F /* Build configuration list for PBXNativeTarget "MarvelUniverse" */;
			buildPhases = (
				1332A96A2AD48E8C00D8529F /* Sources */,
				1332A96B2AD48E8C00D8529F /* Frameworks */,
				1332A96C2AD48E8C00D8529F /* Resources */,
			);
			buildRules = (
			);
			dependencies = (
			);
			name = MarvelUniverse;
			packageProductDependencies = (
				13AB95592AD5C534002D0E7D /* SDWebImageSwiftUI */,
			);
			productName = MarvelUniverse;
			productReference = 1332A96E2AD48E8C00D8529F /* MarvelUniverse.app */;
			productType = "com.apple.product-type.application";
		};
/* End PBXNativeTarget section */

/* Begin PBXProject section */
		1332A9662AD48E8C00D8529F /* Project object */ = {
			isa = PBXProject;
			attributes = {
				BuildIndependentTargetsInParallel = 1;
				LastSwiftUpdateCheck = 1430;
				LastUpgradeCheck = 1430;
				TargetAttributes = {
					1332A96D2AD48E8C00D8529F = {
						CreatedOnToolsVersion = 14.3.1;
					};
				};
			};
			buildConfigurationList = 1332A9692AD48E8C00D8529F /* Build configuration list for PBXProject "MarvelUniverse" */;
			compatibilityVersion = "Xcode 14.0";
			developmentRegion = en;
			hasScannedForEncodings = 0;
			knownRegions = (
				en,
				Base,
			);
			mainGroup = 1332A9652AD48E8C00D8529F;
			packageReferences = (
				13AB95582AD5C534002D0E7D /* XCRemoteSwiftPackageReference "SDWebImageSwiftUI" */,
			);
			productRefGroup = 1332A96F2AD48E8C00D8529F /* Products */;
			projectDirPath = "";
			projectRoot = "";
			targets = (
				1332A96D2AD48E8C00D8529F /* MarvelUniverse */,
			);
		};
/* End PBXProject section */

/* Begin PBXResourcesBuildPhase section */
		1332A96C2AD48E8C00D8529F /* Resources */ = {
			isa = PBXResourcesBuildPhase;
			buildActionMask = 2147483647;
			files = (
				13C6E70E2AD59EA80035AF94 /* LaunchScreen.storyboard in Resources */,
				1332A9792AD48E8D00D8529F /* Preview Assets.xcassets in Resources */,
				1332A9762AD48E8D00D8529F /* Assets.xcassets in Resources */,
			);
			runOnlyForDeploymentPostprocessing = 0;
		};
/* End PBXResourcesBuildPhase section */

/* Begin PBXSourcesBuildPhase section */
		1332A96A2AD48E8C00D8529F /* Sources */ = {
			isa = PBXSourcesBuildPhase;
			buildActionMask = 2147483647;
			files = (
				13AB955C2AD5C638002D0E7D /* WebService.swift in Sources */,
				13AB95512AD5BB89002D0E7D /* FilterOptions.swift in Sources */,
				13AB95542AD5BE71002D0E7D /* ComicsCardView.swift in Sources */,
				13CFB2622AD6767800F6CF57 /* ComicsViewModel.swift in Sources */,
				13CFB25C2AD675B000F6CF57 /* CharactersDataRepository.swift in Sources */,
				13C6E7142AD5A1DF0035AF94 /* ImageAsset.swift in Sources */,
				13C6E7032AD581360035AF94 /* MarvelCharactersView.swift in Sources */,
				13C6E7112AD5A15E0035AF94 /* CharacterCardView.swift in Sources */,
				13C6E7162AD5A2C30035AF94 /* View+Extensions.swift in Sources */,
				13CFB25F2AD675F200F6CF57 /* CharactersViewModel.swift in Sources */,
				13C6E7052AD5814F0035AF94 /* MarvelComicsView.swift in Sources */,
				13AB95562AD5C1F6002D0E7D /* LoaderView.swift in Sources */,
				1332A9742AD48E8C00D8529F /* MainView.swift in Sources */,
				13CFB2652AD676A800F6CF57 /* ComicsDataRepository.swift in Sources */,
				13AB955F2AD5C679002D0E7D /* Endpoint.swift in Sources */,
				1332A9722AD48E8C00D8529F /* MarvelUniverseApp.swift in Sources */,
			);
			runOnlyForDeploymentPostprocessing = 0;
		};
/* End PBXSourcesBuildPhase section */

/* Begin XCBuildConfiguration section */
		1332A97A2AD48E8D00D8529F /* Debug */ = {
			isa = XCBuildConfiguration;
			buildSettings = {
				ALWAYS_SEARCH_USER_PATHS = NO;
				CLANG_ANALYZER_NONNULL = YES;
				CLANG_ANALYZER_NUMBER_OBJECT_CONVERSION = YES_AGGRESSIVE;
				CLANG_CXX_LANGUAGE_STANDARD = "gnu++20";
				CLANG_ENABLE_MODULES = YES;
				CLANG_ENABLE_OBJC_ARC = YES;
				CLANG_ENABLE_OBJC_WEAK = YES;
				CLANG_WARN_BLOCK_CAPTURE_AUTORELEASING = YES;
				CLANG_WARN_BOOL_CONVERSION = YES;
				CLANG_WARN_COMMA = YES;
				CLANG_WARN_CONSTANT_CONVERSION = YES;
				CLANG_WARN_DEPRECATED_OBJC_IMPLEMENTATIONS = YES;
				CLANG_WARN_DIRECT_OBJC_ISA_USAGE = YES_ERROR;
				CLANG_WARN_DOCUMENTATION_COMMENTS = YES;
				CLANG_WARN_EMPTY_BODY = YES;
				CLANG_WARN_ENUM_CONVERSION = YES;
				CLANG_WARN_INFINITE_RECURSION = YES;
				CLANG_WARN_INT_CONVERSION = YES;
				CLANG_WARN_NON_LITERAL_NULL_CONVERSION = YES;
				CLANG_WARN_OBJC_IMPLICIT_RETAIN_SELF = YES;
				CLANG_WARN_OBJC_LITERAL_CONVERSION = YES;
				CLANG_WARN_OBJC_ROOT_CLASS = YES_ERROR;
				CLANG_WARN_QUOTED_INCLUDE_IN_FRAMEWORK_HEADER = YES;
				CLANG_WARN_RANGE_LOOP_ANALYSIS = YES;
				CLANG_WARN_STRICT_PROTOTYPES = YES;
				CLANG_WARN_SUSPICIOUS_MOVE = YES;
				CLANG_WARN_UNGUARDED_AVAILABILITY = YES_AGGRESSIVE;
				CLANG_WARN_UNREACHABLE_CODE = YES;
				CLANG_WARN__DUPLICATE_METHOD_MATCH = YES;
				COPY_PHASE_STRIP = NO;
				DEBUG_INFORMATION_FORMAT = dwarf;
				ENABLE_STRICT_OBJC_MSGSEND = YES;
				ENABLE_TESTABILITY = YES;
				GCC_C_LANGUAGE_STANDARD = gnu11;
				GCC_DYNAMIC_NO_PIC = NO;
				GCC_NO_COMMON_BLOCKS = YES;
				GCC_OPTIMIZATION_LEVEL = 0;
				GCC_PREPROCESSOR_DEFINITIONS = (
					"DEBUG=1",
					"$(inherited)",
				);
				GCC_WARN_64_TO_32_BIT_CONVERSION = YES;
				GCC_WARN_ABOUT_RETURN_TYPE = YES_ERROR;
				GCC_WARN_UNDECLARED_SELECTOR = YES;
				GCC_WARN_UNINITIALIZED_AUTOS = YES_AGGRESSIVE;
				GCC_WARN_UNUSED_FUNCTION = YES;
				GCC_WARN_UNUSED_VARIABLE = YES;
				IPHONEOS_DEPLOYMENT_TARGET = 16.4;
				MTL_ENABLE_DEBUG_INFO = INCLUDE_SOURCE;
				MTL_FAST_MATH = YES;
				ONLY_ACTIVE_ARCH = YES;
				SDKROOT = iphoneos;
				SWIFT_ACTIVE_COMPILATION_CONDITIONS = DEBUG;
				SWIFT_OPTIMIZATION_LEVEL = "-Onone";
			};
			name = Debug;
		};
		1332A97B2AD48E8D00D8529F /* Release */ = {
			isa = XCBuildConfiguration;
			buildSettings = {
				ALWAYS_SEARCH_USER_PATHS = NO;
				CLANG_ANALYZER_NONNULL = YES;
				CLANG_ANALYZER_NUMBER_OBJECT_CONVERSION = YES_AGGRESSIVE;
				CLANG_CXX_LANGUAGE_STANDARD = "gnu++20";
				CLANG_ENABLE_MODULES = YES;
				CLANG_ENABLE_OBJC_ARC = YES;
				CLANG_ENABLE_OBJC_WEAK = YES;
				CLANG_WARN_BLOCK_CAPTURE_AUTORELEASING = YES;
				CLANG_WARN_BOOL_CONVERSION = YES;
				CLANG_WARN_COMMA = YES;
				CLANG_WARN_CONSTANT_CONVERSION = YES;
				CLANG_WARN_DEPRECATED_OBJC_IMPLEMENTATIONS = YES;
				CLANG_WARN_DIRECT_OBJC_ISA_USAGE = YES_ERROR;
				CLANG_WARN_DOCUMENTATION_COMMENTS = YES;
				CLANG_WARN_EMPTY_BODY = YES;
				CLANG_WARN_ENUM_CONVERSION = YES;
				CLANG_WARN_INFINITE_RECURSION = YES;
				CLANG_WARN_INT_CONVERSION = YES;
				CLANG_WARN_NON_LITERAL_NULL_CONVERSION = YES;
				CLANG_WARN_OBJC_IMPLICIT_RETAIN_SELF = YES;
				CLANG_WARN_OBJC_LITERAL_CONVERSION = YES;
				CLANG_WARN_OBJC_ROOT_CLASS = YES_ERROR;
				CLANG_WARN_QUOTED_INCLUDE_IN_FRAMEWORK_HEADER = YES;
				CLANG_WARN_RANGE_LOOP_ANALYSIS = YES;
				CLANG_WARN_STRICT_PROTOTYPES = YES;
				CLANG_WARN_SUSPICIOUS_MOVE = YES;
				CLANG_WARN_UNGUARDED_AVAILABILITY = YES_AGGRESSIVE;
				CLANG_WARN_UNREACHABLE_CODE = YES;
				CLANG_WARN__DUPLICATE_METHOD_MATCH = YES;
				COPY_PHASE_STRIP = NO;
				DEBUG_INFORMATION_FORMAT = "dwarf-with-dsym";
				ENABLE_NS_ASSERTIONS = NO;
				ENABLE_STRICT_OBJC_MSGSEND = YES;
				GCC_C_LANGUAGE_STANDARD = gnu11;
				GCC_NO_COMMON_BLOCKS = YES;
				GCC_WARN_64_TO_32_BIT_CONVERSION = YES;
				GCC_WARN_ABOUT_RETURN_TYPE = YES_ERROR;
				GCC_WARN_UNDECLARED_SELECTOR = YES;
				GCC_WARN_UNINITIALIZED_AUTOS = YES_AGGRESSIVE;
				GCC_WARN_UNUSED_FUNCTION = YES;
				GCC_WARN_UNUSED_VARIABLE = YES;
				IPHONEOS_DEPLOYMENT_TARGET = 16.4;
				MTL_ENABLE_DEBUG_INFO = NO;
				MTL_FAST_MATH = YES;
				SDKROOT = iphoneos;
				SWIFT_COMPILATION_MODE = wholemodule;
				SWIFT_OPTIMIZATION_LEVEL = "-O";
				VALIDATE_PRODUCT = YES;
			};
			name = Release;
		};
		1332A97D2AD48E8D00D8529F /* Debug */ = {
			isa = XCBuildConfiguration;
			buildSettings = {
				ASSETCATALOG_COMPILER_APPICON_NAME = AppIcon;
				ASSETCATALOG_COMPILER_GLOBAL_ACCENT_COLOR_NAME = AccentColor;
				CODE_SIGN_STYLE = Automatic;
				CURRENT_PROJECT_VERSION = 1;
				DEVELOPMENT_ASSET_PATHS = "\"MarvelUniverse/Preview Content\"";
				ENABLE_PREVIEWS = YES;
				GENERATE_INFOPLIST_FILE = YES;
				INFOPLIST_FILE = MarvelUniverse/Info.plist;
				INFOPLIST_KEY_LSApplicationCategoryType = "public.app-category.entertainment";
				INFOPLIST_KEY_UIApplicationSceneManifest_Generation = YES;
				INFOPLIST_KEY_UIApplicationSupportsIndirectInputEvents = YES;
				INFOPLIST_KEY_UILaunchStoryboardName = LaunchScreen.storyboard;
				INFOPLIST_KEY_UIRequiresFullScreen = NO;
				INFOPLIST_KEY_UIStatusBarStyle = "";
				INFOPLIST_KEY_UISupportedInterfaceOrientations_iPad = "UIInterfaceOrientationPortrait UIInterfaceOrientationPortraitUpsideDown UIInterfaceOrientationLandscapeLeft UIInterfaceOrientationLandscapeRight";
				INFOPLIST_KEY_UISupportedInterfaceOrientations_iPhone = "UIInterfaceOrientationPortrait UIInterfaceOrientationLandscapeLeft UIInterfaceOrientationLandscapeRight";
				LD_RUNPATH_SEARCH_PATHS = (
					"$(inherited)",
					"@executable_path/Frameworks",
				);
				MARKETING_VERSION = 1.0;
				PRODUCT_BUNDLE_IDENTIFIER = ahmad.com.MarvelUniverse;
				PRODUCT_NAME = "$(TARGET_NAME)";
				SUPPORTED_PLATFORMS = "iphoneos iphonesimulator";
				SUPPORTS_MACCATALYST = NO;
				SUPPORTS_MAC_DESIGNED_FOR_IPHONE_IPAD = NO;
				SWIFT_EMIT_LOC_STRINGS = YES;
				SWIFT_VERSION = 5.0;
				TARGETED_DEVICE_FAMILY = "1,2";
			};
			name = Debug;
		};
		1332A97E2AD48E8D00D8529F /* Release */ = {
			isa = XCBuildConfiguration;
			buildSettings = {
				ASSETCATALOG_COMPILER_APPICON_NAME = AppIcon;
				ASSETCATALOG_COMPILER_GLOBAL_ACCENT_COLOR_NAME = AccentColor;
				CODE_SIGN_STYLE = Automatic;
				CURRENT_PROJECT_VERSION = 1;
				DEVELOPMENT_ASSET_PATHS = "\"MarvelUniverse/Preview Content\"";
				ENABLE_PREVIEWS = YES;
				GENERATE_INFOPLIST_FILE = YES;
				INFOPLIST_FILE = MarvelUniverse/Info.plist;
				INFOPLIST_KEY_LSApplicationCategoryType = "public.app-category.entertainment";
				INFOPLIST_KEY_UIApplicationSceneManifest_Generation = YES;
				INFOPLIST_KEY_UIApplicationSupportsIndirectInputEvents = YES;
				INFOPLIST_KEY_UILaunchStoryboardName = LaunchScreen.storyboard;
				INFOPLIST_KEY_UIRequiresFullScreen = NO;
				INFOPLIST_KEY_UIStatusBarStyle = "";
				INFOPLIST_KEY_UISupportedInterfaceOrientations_iPad = "UIInterfaceOrientationPortrait UIInterfaceOrientationPortraitUpsideDown UIInterfaceOrientationLandscapeLeft UIInterfaceOrientationLandscapeRight";
				INFOPLIST_KEY_UISupportedInterfaceOrientations_iPhone = "UIInterfaceOrientationPortrait UIInterfaceOrientationLandscapeLeft UIInterfaceOrientationLandscapeRight";
				LD_RUNPATH_SEARCH_PATHS = (
					"$(inherited)",
					"@executable_path/Frameworks",
				);
				MARKETING_VERSION = 1.0;
				PRODUCT_BUNDLE_IDENTIFIER = ahmad.com.MarvelUniverse;
				PRODUCT_NAME = "$(TARGET_NAME)";
				SUPPORTED_PLATFORMS = "iphoneos iphonesimulator";
				SUPPORTS_MACCATALYST = NO;
				SUPPORTS_MAC_DESIGNED_FOR_IPHONE_IPAD = NO;
				SWIFT_EMIT_LOC_STRINGS = YES;
				SWIFT_VERSION = 5.0;
				TARGETED_DEVICE_FAMILY = "1,2";
			};
			name = Release;
		};
/* End XCBuildConfiguration section */

/* Begin XCConfigurationList section */
		1332A9692AD48E8C00D8529F /* Build configuration list for PBXProject "MarvelUniverse" */ = {
			isa = XCConfigurationList;
			buildConfigurations = (
				1332A97A2AD48E8D00D8529F /* Debug */,
				1332A97B2AD48E8D00D8529F /* Release */,
			);
			defaultConfigurationIsVisible = 0;
			defaultConfigurationName = Release;
		};
		1332A97C2AD48E8D00D8529F /* Build configuration list for PBXNativeTarget "MarvelUniverse" */ = {
			isa = XCConfigurationList;
			buildConfigurations = (
				1332A97D2AD48E8D00D8529F /* Debug */,
				1332A97E2AD48E8D00D8529F /* Release */,
			);
			defaultConfigurationIsVisible = 0;
			defaultConfigurationName = Release;
		};
/* End XCConfigurationList section */

/* Begin XCRemoteSwiftPackageReference section */
		13AB95582AD5C534002D0E7D /* XCRemoteSwiftPackageReference "SDWebImageSwiftUI" */ = {
			isa = XCRemoteSwiftPackageReference;
			repositoryURL = "https://github.com/SDWebImage/SDWebImageSwiftUI";
			requirement = {
				kind = upToNextMajorVersion;
				minimumVersion = 2.0.0;
			};
		};
/* End XCRemoteSwiftPackageReference section */

/* Begin XCSwiftPackageProductDependency section */
		13AB95592AD5C534002D0E7D /* SDWebImageSwiftUI */ = {
			isa = XCSwiftPackageProductDependency;
			package = 13AB95582AD5C534002D0E7D /* XCRemoteSwiftPackageReference "SDWebImageSwiftUI" */;
			productName = SDWebImageSwiftUI;
		};
/* End XCSwiftPackageProductDependency section */
	};
	rootObject = 1332A9662AD48E8C00D8529F /* Project object */;
}
